
Microsoft Visual Studio Solution File, Format Version 12.00
# Visual Studio 14
VisualStudioVersion = 14.0.25123.0
MinimumVisualStudioVersion = 10.0.40219.1
Project("{FAE04EC0-301F-11D3-BF4B-00C04F79EFBC}") = "LibAvoidTestClient", "LibAvoidTestClient\LibAvoidTestClient.csproj", "{6D46E505-7C7F-4552-8C67-87EF883FBC97}"
EndProject
Project("{8BC9CEB8-8B4A-11D0-8D11-00A0C91BC942}") = "NAvoidLib", "NAvoidLib\NAvoidLib.vcxproj", "{335CBC29-90A9-4F86-A9F1-98712CA3AE6B}"
EndProject
Global
	GlobalSection(SolutionConfigurationPlatforms) = preSolution
		Debug|Any CPU = Debug|Any CPU
		Debug|Mixed Platforms = Debug|Mixed Platforms
		Debug|Win32 = Debug|Win32
		Debug|x64 = Debug|x64
		Debug|x86 = Debug|x86
		Release|Any CPU = Release|Any CPU
		Release|Mixed Platforms = Release|Mixed Platforms
		Release|Win32 = Release|Win32
		Release|x64 = Release|x64
		Release|x86 = Release|x86
	EndGlobalSection
	GlobalSection(ProjectConfigurationPlatforms) = postSolution
		{6D46E505-7C7F-4552-8C67-87EF883FBC97}.Debug|Any CPU.ActiveCfg = Debug|Any CPU
		{6D46E505-7C7F-4552-8C67-87EF883FBC97}.Debug|Any CPU.Build.0 = Debug|Any CPU
		{6D46E505-7C7F-4552-8C67-87EF883FBC97}.Debug|Mixed Platforms.ActiveCfg = Debug|x86
		{6D46E505-7C7F-4552-8C67-87EF883FBC97}.Debug|Mixed Platforms.Build.0 = Debug|x86
		{6D46E505-7C7F-4552-8C67-87EF883FBC97}.Debug|Win32.ActiveCfg = Debug|x86
		{6D46E505-7C7F-4552-8C67-87EF883FBC97}.Debug|Win32.Build.0 = Debug|x86
		{6D46E505-7C7F-4552-8C67-87EF883FBC97}.Debug|x64.ActiveCfg = Debug|x64
		{6D46E505-7C7F-4552-8C67-87EF883FBC97}.Debug|x64.Build.0 = Debug|x64
		{6D46E505-7C7F-4552-8C67-87EF883FBC97}.Debug|x86.ActiveCfg = Debug|x86
		{6D46E505-7C7F-4552-8C67-87EF883FBC97}.Debug|x86.Build.0 = Debug|x86
		{6D46E505-7C7F-4552-8C67-87EF883FBC97}.Release|Any CPU.ActiveCfg = Release|Any CPU
		{6D46E505-7C7F-4552-8C67-87EF883FBC97}.Release|Any CPU.Build.0 = Release|Any CPU
		{6D46E505-7C7F-4552-8C67-87EF883FBC97}.Release|Mixed Platforms.ActiveCfg = Release|x86
		{6D46E505-7C7F-4552-8C67-87EF883FBC97}.Release|Mixed Platforms.Build.0 = Release|x86
		{6D46E505-7C7F-4552-8C67-87EF883FBC97}.Release|Win32.ActiveCfg = Release|x86
		{6D46E505-7C7F-4552-8C67-87EF883FBC97}.Release|Win32.Build.0 = Release|x86
		{6D46E505-7C7F-4552-8C67-87EF883FBC97}.Release|x64.ActiveCfg = Release|x64
		{6D46E505-7C7F-4552-8C67-87EF883FBC97}.Release|x64.Build.0 = Release|x64
		{6D46E505-7C7F-4552-8C67-87EF883FBC97}.Release|x86.ActiveCfg = Release|x86
		{6D46E505-7C7F-4552-8C67-87EF883FBC97}.Release|x86.Build.0 = Release|x86
		{335CBC29-90A9-4F86-A9F1-98712CA3AE6B}.Debug|Any CPU.ActiveCfg = Debug|Win32
		{335CBC29-90A9-4F86-A9F1-98712CA3AE6B}.Debug|Mixed Platforms.ActiveCfg = Debug|Win32
		{335CBC29-90A9-4F86-A9F1-98712CA3AE6B}.Debug|Mixed Platforms.Build.0 = Debug|Win32
		{335CBC29-90A9-4F86-A9F1-98712CA3AE6B}.Debug|Win32.ActiveCfg = Debug|Win32
		{335CBC29-90A9-4F86-A9F1-98712CA3AE6B}.Debug|Win32.Build.0 = Debug|Win32
		{335CBC29-90A9-4F86-A9F1-98712CA3AE6B}.Debug|x64.ActiveCfg = Debug|x64
		{335CBC29-90A9-4F86-A9F1-98712CA3AE6B}.Debug|x64.Build.0 = Debug|x64
		{335CBC29-90A9-4F86-A9F1-98712CA3AE6B}.Debug|x86.ActiveCfg = Debug|Win32
		{335CBC29-90A9-4F86-A9F1-98712CA3AE6B}.Debug|x86.Build.0 = Debug|Win32
		{335CBC29-90A9-4F86-A9F1-98712CA3AE6B}.Release|Any CPU.ActiveCfg = Release|Win32
		{335CBC29-90A9-4F86-A9F1-98712CA3AE6B}.Release|Mixed Platforms.ActiveCfg = Release|Win32
		{335CBC29-90A9-4F86-A9F1-98712CA3AE6B}.Release|Mixed Platforms.Build.0 = Release|Win32
		{335CBC29-90A9-4F86-A9F1-98712CA3AE6B}.Release|Win32.ActiveCfg = Release|Win32
		{335CBC29-90A9-4F86-A9F1-98712CA3AE6B}.Release|Win32.Build.0 = Release|Win32
		{335CBC29-90A9-4F86-A9F1-98712CA3AE6B}.Release|x64.ActiveCfg = Release|x64
		{335CBC29-90A9-4F86-A9F1-98712CA3AE6B}.Release|x64.Build.0 = Release|x64
		{335CBC29-90A9-4F86-A9F1-98712CA3AE6B}.Release|x86.ActiveCfg = Release|Win32
		{335CBC29-90A9-4F86-A9F1-98712CA3AE6B}.Release|x86.Build.0 = Release|Win32
	EndGlobalSection
	GlobalSection(SolutionProperties) = preSolution
		HideSolutionNode = FALSE
	EndGlobalSection
EndGlobal
